PODS:
  - CommonElement (0.2.2)
  - lottie-ios (2.5.2)

DEPENDENCIES:
  - CommonElement
  - lottie-ios (~> 2.5.0)

SPEC REPOS:
  https://github.com/cocoapods/specs.git:
    - CommonElement
    - lottie-ios

SPEC CHECKSUMS:
  CommonElement: fec09913db4c3a170ff5ecafece69a383f404323
  lottie-ios: 3fef45d3fabe63e3c7c2eb603dd64ddfffc73062

PODFILE CHECKSUM: ea0b012b616b1ae82a358027d2b6581eab94ce31

COCOAPODS: 1.5.3
